// !$*UTF8*$!
{
	archiveVersion = 1;
	classes = {
	};
	objectVersion = 46;
	objects = {

/* Begin PBXBuildFile section */
		6E5689841CBBC04400F51AA6 /* main.m in Sources */ = {isa = PBXBuildFile; fileRef = 6E5689831CBBC04400F51AA6 /* main.m */; };
		6E5689871CBBC04400F51AA6 /* AppDelegate.m in Sources */ = {isa = PBXBuildFile; fileRef = 6E5689861CBBC04400F51AA6 /* AppDelegate.m */; };
		6E56898A1CBBC04400F51AA6 /* ViewController.m in Sources */ = {isa = PBXBuildFile; fileRef = 6E5689891CBBC04400F51AA6 /* ViewController.m */; };
		6E56898D1CBBC04400F51AA6 /* Main.storyboard in Resources */ = {isa = PBXBuildFile; fileRef = 6E56898B1CBBC04400F51AA6 /* Main.storyboard */; };
		6E56898F1CBBC04400F51AA6 /* Assets.xcassets in Resources */ = {isa = PBXBuildFile; fileRef = 6E56898E1CBBC04400F51AA6 /* Assets.xcassets */; };
		6E5689921CBBC04400F51AA6 /* LaunchScreen.storyboard in Resources */ = {isa = PBXBuildFile; fileRef = 6E5689901CBBC04400F51AA6 /* LaunchScreen.storyboard */; };
		6E56899B1CBBC08A00F51AA6 /* ESRequest.framework in Frameworks */ = {isa = PBXBuildFile; fileRef = 6E56899A1CBBC08A00F51AA6 /* ESRequest.framework */; };
/* End PBXBuildFile section */

/* Begin PBXFileReference section */
		6E56897F1CBBC04400F51AA6 /* ESRequest Example.app */ = {isa = PBXFileReference; explicitFileType = wrapper.application; includeInIndex = 0; path = "ESRequest Example.app"; sourceTree = BUILT_PRODUCTS_DIR; };
		6E5689831CBBC04400F51AA6 /* main.m */ = {isa = PBXFileReference; lastKnownFileType = sourcecode.c.objc; path = main.m; sourceTree = "<group>"; };
		6E5689851CBBC04400F51AA6 /* AppDelegate.h */ = {isa = PBXFileReference; lastKnownFileType = sourcecode.c.h; path = AppDelegate.h; sourceTree = "<group>"; };
		6E5689861CBBC04400F51AA6 /* AppDelegate.m */ = {isa = PBXFileReference; lastKnownFileType = sourcecode.c.objc; path = AppDelegate.m; sourceTree = "<group>"; };
		6E5689881CBBC04400F51AA6 /* ViewController.h */ = {isa = PBXFileReference; lastKnownFileType = sourcecode.c.h; path = ViewController.h; sourceTree = "<group>"; };
		6E5689891CBBC04400F51AA6 /* ViewController.m */ = {isa = PBXFileReference; lastKnownFileType = sourcecode.c.objc; path = ViewController.m; sourceTree = "<group>"; };
		6E56898C1CBBC04400F51AA6 /* Base */ = {isa = PBXFileReference; lastKnownFileType = file.storyboard; name = Base; path = Base.lproj/Main.storyboard; sourceTree = "<group>"; };
		6E56898E1CBBC04400F51AA6 /* Assets.xcassets */ = {isa = PBXFileReference; lastKnownFileType = folder.assetcatalog; path = Assets.xcassets; sourceTree = "<group>"; };
		6E5689911CBBC04400F51AA6 /* Base */ = {isa = PBXFileReference; lastKnownFileType = file.storyboard; name = Base; path = Base.lproj/LaunchScreen.storyboard; sourceTree = "<group>"; };
		6E5689931CBBC04400F51AA6 /* Info.plist */ = {isa = PBXFileReference; lastKnownFileType = text.plist.xml; path = Info.plist; sourceTree = "<group>"; };
		6E56899A1CBBC08A00F51AA6 /* ESRequest.framework */ = {isa = PBXFileReference; lastKnownFileType = wrapper.framework; name = ESRequest.framework; path = "../../../Library/Developer/Xcode/DerivedData/ESRequest-bqvnekrgxjbkohhkucskpxnkziir/Build/Products/Debug-iphonesimulator/ESRequest.framework"; sourceTree = "<group>"; };
/* End PBXFileReference section */

/* Begin PBXFrameworksBuildPhase section */
		6E56897C1CBBC04400F51AA6 /* Frameworks */ = {
			isa = PBXFrameworksBuildPhase;
			buildActionMask = 2147483647;
			files = (
				6E56899B1CBBC08A00F51AA6 /* ESRequest.framework in Frameworks */,
			);
			runOnlyForDeploymentPostprocessing = 0;
		};
/* End PBXFrameworksBuildPhase section */

/* Begin PBXGroup section */
		6E5689761CBBC04400F51AA6 = {
			isa = PBXGroup;
			children = (
				6E5689811CBBC04400F51AA6 /* ESRequest Example */,
				6E5689801CBBC04400F51AA6 /* Products */,
				6E5689991CBBC08200F51AA6 /* Frameworks */,
			);
			sourceTree = "<group>";
		};
		6E5689801CBBC04400F51AA6 /* Products */ = {
			isa = PBXGroup;
			children = (
				6E56897F1CBBC04400F51AA6 /* ESRequest Example.app */,
			);
			name = Products;
			sourceTree = "<group>";
		};
		6E5689811CBBC04400F51AA6 /* ESRequest Example */ = {
			isa = PBXGroup;
			children = (
				6E5689851CBBC04400F51AA6 /* AppDelegate.h */,
				6E5689861CBBC04400F51AA6 /* AppDelegate.m */,
				6E5689881CBBC04400F51AA6 /* ViewController.h */,
				6E5689891CBBC04400F51AA6 /* ViewController.m */,
				6E56898B1CBBC04400F51AA6 /* Main.storyboard */,
				6E56898E1CBBC04400F51AA6 /* Assets.xcassets */,
				6E5689901CBBC04400F51AA6 /* LaunchScreen.storyboard */,
				6E5689931CBBC04400F51AA6 /* Info.plist */,
				6E5689821CBBC04400F51AA6 /* Supporting Files */,
			);
			path = "ESRequest Example";
			sourceTree = "<group>";
		};
		6E5689821CBBC04400F51AA6 /* Supporting Files */ = {
			isa = PBXGroup;
			children = (
				6E5689831CBBC04400F51AA6 /* main.m */,
			);
			name = "Supporting Files";
			sourceTree = "<group>";
		};
		6E5689991CBBC08200F51AA6 /* Frameworks */ = {
			isa = PBXGroup;
			children = (
				6E56899A1CBBC08A00F51AA6 /* ESRequest.framework */,
			);
			name = Frameworks;
			sourceTree = "<group>";
		};
/* End PBXGroup section */

/* Begin PBXNativeTarget section */
		6E56897E1CBBC04400F51AA6 /* ESRequest Example */ = {
			isa = PBXNativeTarget;
			buildConfigurationList = 6E5689961CBBC04400F51AA6 /* Build configuration list for PBXNativeTarget "ESRequest Example" */;
			buildPhases = (
				6E56897B1CBBC04400F51AA6 /* Sources */,
				6E56897C1CBBC04400F51AA6 /* Frameworks */,
				6E56897D1CBBC04400F51AA6 /* Resources */,
			);
			buildRules = (
			);
			dependencies = (
			);
			name = "ESRequest Example";
			productName = "ESRequest Example";
			productReference = 6E56897F1CBBC04400F51AA6 /* ESRequest Example.app */;
			productType = "com.apple.product-type.application";
		};
/* End PBXNativeTarget section */

/* Begin PBXProject section */
		6E5689771CBBC04400F51AA6 /* Project object */ = {
			isa = PBXProject;
			attributes = {
				LastUpgradeCheck = 0730;
				ORGANIZATIONNAME = "云之彼端";
				TargetAttributes = {
					6E56897E1CBBC04400F51AA6 = {
						CreatedOnToolsVersion = 7.3;
					};
				};
			};
			buildConfigurationList = 6E56897A1CBBC04400F51AA6 /* Build configuration list for PBXProject "ESRequest Example" */;
			compatibilityVersion = "Xcode 3.2";
			developmentRegion = English;
			hasScannedForEncodings = 0;
			knownRegions = (
				en,
				Base,
			);
			mainGroup = 6E5689761CBBC04400F51AA6;
			productRefGroup = 6E5689801CBBC04400F51AA6 /* Products */;
			projectDirPath = "";
			projectRoot = "";
			targets = (
				6E56897E1CBBC04400F51AA6 /* ESRequest Example */,
			);
		};
/* End PBXProject section */

/* Begin PBXResourcesBuildPhase section */
		6E56897D1CBBC04400F51AA6 /* Resources */ = {
			isa = PBXResourcesBuildPhase;
			buildActionMask = 2147483647;
			files = (
				6E5689921CBBC04400F51AA6 /* LaunchScreen.storyboard in Resources */,
				6E56898F1CBBC04400F51AA6 /* Assets.xcassets in Resources */,
				6E56898D1CBBC04400F51AA6 /* Main.storyboard in Resources */,
			);
			runOnlyForDeploymentPostprocessing = 0;
		};
/* End PBXResourcesBuildPhase section */

/* Begin PBXSourcesBuildPhase section */
		6E56897B1CBBC04400F51AA6 /* Sources */ = {
			isa = PBXSourcesBuildPhase;
			buildActionMask = 2147483647;
			files = (
				6E56898A1CBBC04400F51AA6 /* ViewController.m in Sources */,
				6E5689871CBBC04400F51AA6 /* AppDelegate.m in Sources */,
				6E5689841CBBC04400F51AA6 /* main.m in Sources */,
			);
			runOnlyForDeploymentPostprocessing = 0;
		};
/* End PBXSourcesBuildPhase section */

/* Begin PBXVariantGroup section */
		6E56898B1CBBC04400F51AA6 /* Main.storyboard */ = {
			isa = PBXVariantGroup;
			children = (
				6E56898C1CBBC04400F51AA6 /* Base */,
			);
			name = Main.storyboard;
			sourceTree = "<group>";
		};
		6E5689901CBBC04400F51AA6 /* LaunchScreen.storyboard */ = {
			isa = PBXVariantGroup;
			children = (
				6E5689911CBBC04400F51AA6 /* Base */,
			);
			name = LaunchScreen.storyboard;
			sourceTree = "<group>";
		};
/* End PBXVariantGroup section */

/* Begin XCBuildConfiguration section */
		6E5689941CBBC04400F51AA6 /* Debug */ = {
			isa = XCBuildConfiguration;
			buildSettings = {
				ALWAYS_SEARCH_USER_PATHS = NO;
				CLANG_ANALYZER_NONNULL = YES;
				CLANG_CXX_LANGUAGE_STANDARD = "gnu++0x";
				CLANG_CXX_LIBRARY = "libc++";
				CLANG_ENABLE_MODULES = YES;
				CLANG_ENABLE_OBJC_ARC = YES;
				CLANG_WARN_BOOL_CONVERSION = YES;
				CLANG_WARN_CONSTANT_CONVERSION = YES;
				CLANG_WARN_DIRECT_OBJC_ISA_USAGE = YES_ERROR;
				CLANG_WARN_EMPTY_BODY = YES;
				CLANG_WARN_ENUM_CONVERSION = YES;
				CLANG_WARN_INT_CONVERSION = YES;
				CLANG_WARN_OBJC_ROOT_CLASS = YES_ERROR;
				CLANG_WARN_UNREACHABLE_CODE = YES;
				CLANG_WARN__DUPLICATE_METHOD_MATCH = YES;
				"CODE_SIGN_IDENTITY[sdk=iphoneos*]" = "iPhone Developer";
				COPY_PHASE_STRIP = NO;
				DEBUG_INFORMATION_FORMAT = dwarf;
				ENABLE_STRICT_OBJC_MSGSEND = YES;
				ENABLE_TESTABILITY = YES;
				GCC_C_LANGUAGE_STANDARD = gnu99;
				GCC_DYNAMIC_NO_PIC = NO;
				GCC_NO_COMMON_BLOCKS = YES;
				GCC_OPTIMIZATION_LEVEL = 0;
				GCC_PREPROCESSOR_DEFINITIONS = (
					"DEBUG=1",
					"$(inherited)",
				);
				GCC_WARN_64_TO_32_BIT_CONVERSION = YES;
				GCC_WARN_ABOUT_RETURN_TYPE = YES_ERROR;
				GCC_WARN_UNDECLARED_SELECTOR = YES;
				GCC_WARN_UNINITIALIZED_AUTOS = YES_AGGRESSIVE;
				GCC_WARN_UNUSED_FUNCTION = YES;
				GCC_WARN_UNUSED_VARIABLE = YES;
				IPHONEOS_DEPLOYMENT_TARGET = 9.3;
				MTL_ENABLE_DEBUG_INFO = YES;
				ONLY_ACTIVE_ARCH = YES;
				SDKROOT = iphoneos;
				TARGETED_DEVICE_FAMILY = "1,2";
			};
			name = Debug;
		};
		6E5689951CBBC04400F51AA6 /* Release */ = {
			isa = XCBuildConfiguration;
			buildSettings = {
				ALWAYS_SEARCH_USER_PATHS = NO;
				CLANG_ANALYZER_NONNULL = YES;
				CLANG_CXX_LANGUAGE_STANDARD = "gnu++0x";
				CLANG_CXX_LIBRARY = "libc++";
				CLANG_ENABLE_MODULES = YES;
				CLANG_ENABLE_OBJC_ARC = YES;
				CLANG_WARN_BOOL_CONVERSION = YES;
				CLANG_WARN_CONSTANT_CONVERSION = YES;
				CLANG_WARN_DIRECT_OBJC_ISA_USAGE = YES_ERROR;
				CLANG_WARN_EMPTY_BODY = YES;
				CLANG_WARN_ENUM_CONVERSION = YES;
				CLANG_WARN_INT_CONVERSION = YES;
				CLANG_WARN_OBJC_ROOT_CLASS = YES_ERROR;
				CLANG_WARN_UNREACHABLE_CODE = YES;
				CLANG_WARN__DUPLICATE_METHOD_MATCH = YES;
				"CODE_SIGN_IDENTITY[sdk=iphoneos*]" = "iPhone Developer";
				COPY_PHASE_STRIP = NO;
				DEBUG_INFORMATION_FORMAT = "dwarf-with-dsym";
				ENABLE_NS_ASSERTIONS = NO;
				ENABLE_STRICT_OBJC_MSGSEND = YES;
				GCC_C_LANGUAGE_STANDARD = gnu99;
				GCC_NO_COMMON_BLOCKS = YES;
				GCC_WARN_64_TO_32_BIT_CONVERSION = YES;
				GCC_WARN_ABOUT_RETURN_TYPE = YES_ERROR;
				GCC_WARN_UNDECLARED_SELECTOR = YES;
				GCC_WARN_UNINITIALIZED_AUTOS = YES_AGGRESSIVE;
				GCC_WARN_UNUSED_FUNCTION = YES;
				GCC_WARN_UNUSED_VARIABLE = YES;
				IPHONEOS_DEPLOYMENT_TARGET = 9.3;
				MTL_ENABLE_DEBUG_INFO = NO;
				SDKROOT = iphoneos;
				TARGETED_DEVICE_FAMILY = "1,2";
				VALIDATE_PRODUCT = YES;
			};
			name = Release;
		};
		6E5689971CBBC04400F51AA6 /* Debug */ = {
			isa = XCBuildConfiguration;
			buildSettings = {
				ASSETCATALOG_COMPILER_APPICON_NAME = AppIcon;
				INFOPLIST_FILE = "ESRequest Example/Info.plist";
				LD_RUNPATH_SEARCH_PATHS = "$(inherited) @executable_path/Frameworks";
				OTHER_LDFLAGS = "-ObjC";
				PRODUCT_BUNDLE_IDENTIFIER = "com.cezr.ESRequest-Example";
				PRODUCT_NAME = "$(TARGET_NAME)";
			};
			name = Debug;
		};
		6E5689981CBBC04400F51AA6 /* Release */ = {
			isa = XCBuildConfiguration;
			buildSettings = {
				ASSETCATALOG_COMPILER_APPICON_NAME = AppIcon;
				INFOPLIST_FILE = "ESRequest Example/Info.plist";
				LD_RUNPATH_SEARCH_PATHS = "$(inherited) @executable_path/Frameworks";
				OTHER_LDFLAGS = "-ObjC";
				PRODUCT_BUNDLE_IDENTIFIER = "com.cezr.ESRequest-Example";
				PRODUCT_NAME = "$(TARGET_NAME)";
			};
			name = Release;
		};
/* End XCBuildConfiguration section */

/* Begin XCConfigurationList section */
		6E56897A1CBBC04400F51AA6 /* Build configuration list for PBXProject "ESRequest Example" */ = {
			isa = XCConfigurationList;
			buildConfigurations = (
				6E5689941CBBC04400F51AA6 /* Debug */,
				6E5689951CBBC04400F51AA6 /* Release */,
			);
			defaultConfigurationIsVisible = 0;
			defaultConfigurationName = Release;
		};
		6E5689961CBBC04400F51AA6 /* Build configuration list for PBXNativeTarget "ESRequest Example" */ = {
			isa = XCConfigurationList;
			buildConfigurations = (
				6E5689971CBBC04400F51AA6 /* Debug */,
				6E5689981CBBC04400F51AA6 /* Release */,
			);
			defaultConfigurationIsVisible = 0;
			defaultConfigurationName = Release;
		};
/* End XCConfigurationList section */
	};
	rootObject = 6E5689771CBBC04400F51AA6 /* Project object */;
}
